
Microsoft Visual Studio Solution File, Format Version 12.00
Project("{FAE04EC0-301F-11D3-BF4B-00C04F79EFBC}") = "LeetCode", "LeetCode\LeetCode.csproj", "{96F178CC-021A-4606-9455-8B40BE9D12CC}"
EndProject
Global
	GlobalSection(SolutionConfigurationPlatforms) = preSolution
		Debug|Any CPU = Debug|Any CPU
		Release|Any CPU = Release|Any CPU
	EndGlobalSection
	GlobalSection(ProjectConfigurationPlatforms) = postSolution
		{96F178CC-021A-4606-9455-8B40BE9D12CC}.Debug|Any CPU.ActiveCfg = Debug|Any CPU
		{96F178CC-021A-4606-9455-8B40BE9D12CC}.Debug|Any CPU.Build.0 = Debug|Any CPU
		{96F178CC-021A-4606-9455-8B40BE9D12CC}.Release|Any CPU.ActiveCfg = Release|Any CPU
		{96F178CC-021A-4606-9455-8B40BE9D12CC}.Release|Any CPU.Build.0 = Release|Any CPU
	EndGlobalSection
EndGlobal
